github.com/dustin/go-humanize v1.0.0 h1:VSnTsYCnlFHaM2/igO1h6X3HA71jcobQuxemgkq4zYo=
github.com/dustin/go-humanize v1.0.0/go.mod h1:HtrtbFcZ19U5GC7JDqmcUSB87Iq5E25KnS6fMYU6eOk=
github.com/voxelbrain/goptions v0.0.0-20180630082107-58cddc247ea2 h1:txplJASvd6b/hrE0s/Ixfpp2cuwH9IO9oZBAN9iYa4A=
github.com/voxelbrain/goptions v0.0.0-20180630082107-58cddc247ea2/go.mod h1:DGCIhurYgnLz8J9ga1fMV/fbLDyUvTyrWXVWUIyJon4=
